
Microsoft Visual Studio Solution File, Format Version 12.00
# Visual Studio Version 16
VisualStudioVersion = 16.0.30711.63
MinimumVisualStudioVersion = 10.0.40219.1
Project("{9A19103F-16F7-4668-BE54-9A1E7A4F7556}") = "ESOCompanion", "ESOCompanion.csproj", "{4356170D-9A5C-4A07-B6CE-FB4ACBFAE573}"
EndProject
Project("{9A19103F-16F7-4668-BE54-9A1E7A4F7556}") = "DataAccessLibrary", "..\DataAccessLibrary\DataAccessLibrary.csproj", "{7A35CFB2-7605-4ED6-AD36-EE8F3DBD97A9}"
EndProject
Global
	GlobalSection(SolutionConfigurationPlatforms) = preSolution
		Debug|Any CPU = Debug|Any CPU
		Release|Any CPU = Release|Any CPU
	EndGlobalSection
	GlobalSection(ProjectConfigurationPlatforms) = postSolution
		{4356170D-9A5C-4A07-B6CE-FB4ACBFAE573}.Debug|Any CPU.ActiveCfg = Debug|Any CPU
		{4356170D-9A5C-4A07-B6CE-FB4ACBFAE573}.Debug|Any CPU.Build.0 = Debug|Any CPU
		{4356170D-9A5C-4A07-B6CE-FB4ACBFAE573}.Release|Any CPU.ActiveCfg = Release|Any CPU
		{4356170D-9A5C-4A07-B6CE-FB4ACBFAE573}.Release|Any CPU.Build.0 = Release|Any CPU
		{7A35CFB2-7605-4ED6-AD36-EE8F3DBD97A9}.Debug|Any CPU.ActiveCfg = Debug|Any CPU
		{7A35CFB2-7605-4ED6-AD36-EE8F3DBD97A9}.Debug|Any CPU.Build.0 = Debug|Any CPU
		{7A35CFB2-7605-4ED6-AD36-EE8F3DBD97A9}.Release|Any CPU.ActiveCfg = Release|Any CPU
		{7A35CFB2-7605-4ED6-AD36-EE8F3DBD97A9}.Release|Any CPU.Build.0 = Release|Any CPU
	EndGlobalSection
	GlobalSection(SolutionProperties) = preSolution
		HideSolutionNode = FALSE
	EndGlobalSection
	GlobalSection(ExtensibilityGlobals) = postSolution
		SolutionGuid = {12E5A26F-E60F-4013-8CB7-A10B97315F33}
	EndGlobalSection
EndGlobal
